{
  "name": "spinal-env-viewer-plugin-network-tree-service",
  "version": "1.6.7",
  "lockfileVersion": 1,
  "requires": true,
  "dependencies": {
    "@babel/parser": {
      "version": "7.18.13",
      "resolved": "https://registry.npmjs.org/@babel/parser/-/parser-7.18.13.tgz",
      "integrity": "sha512-dgXcIfMuQ0kgzLB2b9tRZs7TTFFaGM2AbtA4fJgUUYukzGH4jwsS7hzQHEGs67jdehpm22vkgKwvbU+aEflgwg=="
    },
    "@types/node": {
      "version": "18.7.11",
      "resolved": "https://registry.npmjs.org/@types/node/-/node-18.7.11.tgz",
      "integrity": "sha512-KZhFpSLlmK/sdocfSAjqPETTMd0ug6HIMIAwkwUpU79olnZdQtMxpQP+G1wDzCH7na+FltSIhbaZuKdwZ8RDrw==",
      "dev": true
    },
    "@vue/compiler-sfc": {
      "version": "2.7.10",
      "resolved": "https://registry.npmjs.org/@vue/compiler-sfc/-/compiler-sfc-2.7.10.tgz",
      "integrity": "sha512-55Shns6WPxlYsz4WX7q9ZJBL77sKE1ZAYNYStLs6GbhIOMrNtjMvzcob6gu3cGlfpCR4bT7NXgyJ3tly2+Hx8Q==",
      "requires": {
        "@babel/parser": "^7.18.4",
        "postcss": "^8.4.14",
        "source-map": "^0.6.1"
      }
    },
    "bacstack": {
      "version": "0.0.1-beta.13",
      "resolved": "https://registry.npmjs.org/bacstack/-/bacstack-0.0.1-beta.13.tgz",
      "integrity": "sha512-jg1X/nZMEBGm2PL/HBmoBkjhE3FVabOp2XBkJm2Dj74VhxcZW2H5lSn9+JnhTf54HZyKC0kM6Ko3S9AsDPe8uQ==",
      "requires": {
        "debug": "^3.1.0",
        "iconv-lite": "^0.4.19"
      }
    },
    "balanced-match": {
      "version": "1.0.2",
      "resolved": "https://registry.npmjs.org/balanced-match/-/balanced-match-1.0.2.tgz",
      "integrity": "sha512-3oSeUO0TMV67hN1AmbXsK4yaqU7tjiHlbxRDZOpH0KW9+CeX4bRAaX0Anxt0tx2MrpRpWwQaPwIlISEJhYU5Pw=="
    },
    "brace-expansion": {
      "version": "2.0.1",
      "resolved": "https://registry.npmjs.org/brace-expansion/-/brace-expansion-2.0.1.tgz",
      "integrity": "sha512-XnAIvQ8eM+kC6aULx6wuQiwVsnzsi9d3WxzV3FpWTGA19F621kwdbsAcFKXgKUHZWsy+mY6iL1sHTxWEFCytDA==",
      "requires": {
        "balanced-match": "^1.0.0"
      }
    },
    "csstype": {
      "version": "3.1.0",
      "resolved": "https://registry.npmjs.org/csstype/-/csstype-3.1.0.tgz",
      "integrity": "sha512-uX1KG+x9h5hIJsaKR9xHUeUraxf8IODOwq9JLNPq6BwB04a/xgpq3rcx47l5BZu5zBPlgD342tdke3Hom/nJRA=="
    },
    "debug": {
      "version": "3.2.7",
      "resolved": "https://registry.npmjs.org/debug/-/debug-3.2.7.tgz",
      "integrity": "sha512-CFjzYYAi4ThfiQvizrFQevTTXHtnCqWfe7x1AhgEscTz6ZbLbfoLRLPugTQyBth6f8ZERVUSyWHFD/7Wu4t1XQ==",
      "requires": {
        "ms": "^2.1.1"
      }
    },
    "fs.realpath": {
      "version": "1.0.0",
      "resolved": "https://registry.npmjs.org/fs.realpath/-/fs.realpath-1.0.0.tgz",
      "integrity": "sha512-OO0pH2lK6a0hZnAdau5ItzHPI6pUlvI7jMVnxUQRtw4owF2wk8lOSabtGDCTP4Ggrg2MbGnWO9X8K1t4+fGMDw=="
    },
    "glob": {
      "version": "8.0.3",
      "resolved": "https://registry.npmjs.org/glob/-/glob-8.0.3.tgz",
      "integrity": "sha512-ull455NHSHI/Y1FqGaaYFaLGkNMMJbavMrEGFXG/PGrg6y7sutWHUHrz6gy6WEBH6akM1M414dWKCNs+IhKdiQ==",
      "requires": {
        "fs.realpath": "^1.0.0",
        "inflight": "^1.0.4",
        "inherits": "2",
        "minimatch": "^5.0.1",
        "once": "^1.3.0"
      }
    },
    "iconv-lite": {
      "version": "0.4.24",
      "resolved": "https://registry.npmjs.org/iconv-lite/-/iconv-lite-0.4.24.tgz",
      "integrity": "sha512-v3MXnZAcvnywkTUEZomIActle7RXXeedOR31wwl7VlyoXO4Qi9arvSenNQWne1TcRwhCL1HwLI21bEqdpj8/rA==",
      "requires": {
        "safer-buffer": ">= 2.1.2 < 3"
      }
    },
    "inflight": {
      "version": "1.0.6",
      "resolved": "https://registry.npmjs.org/inflight/-/inflight-1.0.6.tgz",
      "integrity": "sha512-k92I/b08q4wvFscXCLvqfsHCrjrF7yiXsQuIVvVE7N82W3+aqpzuUdBbfhWcy/FZR3/4IgflMgKLOsvPDrGCJA==",
      "requires": {
        "once": "^1.3.0",
        "wrappy": "1"
      }
    },
    "inherits": {
      "version": "2.0.4",
      "resolved": "https://registry.npmjs.org/inherits/-/inherits-2.0.4.tgz",
      "integrity": "sha512-k/vGaX4/Yla3WzyMCvTQOXYeIHvqOKtnqBduzTHpzpQZzAskKMhZ2K+EnBiSM9zGSoIFeMpXKxa4dYeZIQqewQ=="
    },
    "jsonc-parser": {
      "version": "3.1.0",
      "resolved": "https://registry.npmjs.org/jsonc-parser/-/jsonc-parser-3.1.0.tgz",
      "integrity": "sha512-DRf0QjnNeCUds3xTjKlQQ3DpJD51GvDjJfnxUVWg6PZTo2otSm+slzNAxU/35hF8/oJIKoG9slq30JYOsF2azg=="
    },
    "lodash": {
      "version": "4.17.21",
      "resolved": "https://registry.npmjs.org/lodash/-/lodash-4.17.21.tgz",
      "integrity": "sha512-v2kDEe57lecTulaDIuNTPy3Ry4gLGJ6Z1O3vE1krgXZNrsQ+LFTGHVxVjcXPs17LhbZVGedAJv8XZ1tvj5FvSg=="
    },
    "lodash.debounce": {
      "version": "4.0.8",
      "resolved": "https://registry.npmjs.org/lodash.debounce/-/lodash.debounce-4.0.8.tgz",
      "integrity": "sha512-FT1yDzDYEoYWhnSGnpE/4Kj1fLZkDFyqRb7fNt6FdYOSxlUWAtp42Eh6Wb0rGIv/m9Bgo7x4GhQbm5Ys4SG5ow=="
    },
    "lodash.throttle": {
      "version": "4.1.1",
      "resolved": "https://registry.npmjs.org/lodash.throttle/-/lodash.throttle-4.1.1.tgz",
      "integrity": "sha512-wIkUCfVKpVsWo3JSZlc+8MB5it+2AN5W8J7YVMST30UrvcQNZ1Okbj+rbVniijTWE6FGYy4XJq/rHkas8qJMLQ=="
    },
    "lunr": {
      "version": "2.3.9",
      "resolved": "https://registry.npmjs.org/lunr/-/lunr-2.3.9.tgz",
      "integrity": "sha512-zTU3DaZaF3Rt9rhN3uBMGQD3dD2/vFQqnvZCDv4dl5iOzq2IZQqTxu90r4E5J+nP70J3ilqVCrbho2eWaeW8Ow=="
    },
    "marked": {
      "version": "4.0.19",
      "resolved": "https://registry.npmjs.org/marked/-/marked-4.0.19.tgz",
      "integrity": "sha512-rgQF/OxOiLcvgUAj1Q1tAf4Bgxn5h5JZTp04Fx4XUkVhs7B+7YA9JEWJhJpoO8eJt8MkZMwqLCNeNqj1bCREZQ=="
    },
    "minimatch": {
      "version": "5.1.0",
      "resolved": "https://registry.npmjs.org/minimatch/-/minimatch-5.1.0.tgz",
      "integrity": "sha512-9TPBGGak4nHfGZsPBohm9AWg6NoT7QTCehS3BIJABslyZbzxfV78QM2Y6+i741OPZIafFAaiiEMh5OyIrJPgtg==",
      "requires": {
        "brace-expansion": "^2.0.1"
      }
    },
    "ms": {
      "version": "2.1.3",
      "resolved": "https://registry.npmjs.org/ms/-/ms-2.1.3.tgz",
      "integrity": "sha512-6FlzubTLZG3J2a/NVCAleEhjzq5oxgHyaCU9yYXvcLsvoVaHJq/s5xXI6/XXP6tz7R9xAOtHnSO/tXtF3WRTlA=="
    },
    "nanoid": {
      "version": "3.3.4",
      "resolved": "https://registry.npmjs.org/nanoid/-/nanoid-3.3.4.tgz",
      "integrity": "sha512-MqBkQh/OHTS2egovRtLk45wEyNXwF+cokD+1YPf9u5VfJiRdAiRwB2froX5Co9Rh20xs4siNPm8naNotSD6RBw=="
    },
    "once": {
      "version": "1.4.0",
      "resolved": "https://registry.npmjs.org/once/-/once-1.4.0.tgz",
      "integrity": "sha512-lNaJgI+2Q5URQBkccEKHTQOPaXdUxnZZElQTZY0MFUAuaEqe1E+Nyvgdz/aIyNi6Z9MzO5dv1H8n58/GELp3+w==",
      "requires": {
        "wrappy": "1"
      }
    },
    "picocolors": {
      "version": "1.0.0",
      "resolved": "https://registry.npmjs.org/picocolors/-/picocolors-1.0.0.tgz",
      "integrity": "sha512-1fygroTLlHu66zi26VoTDv8yRgm0Fccecssto+MhsZ0D/DGW2sm8E8AjW7NU5VVTRt5GxbeZ5qBuJr+HyLYkjQ=="
    },
    "postcss": {
      "version": "8.4.16",
      "resolved": "https://registry.npmjs.org/postcss/-/postcss-8.4.16.tgz",
      "integrity": "sha512-ipHE1XBvKzm5xI7hiHCZJCSugxvsdq2mPnsq5+UF+VHCjiBvtDrlxJfMBToWaP9D5XlgNmcFGqoHmUn0EYEaRQ==",
      "requires": {
        "nanoid": "^3.3.4",
        "picocolors": "^1.0.0",
        "source-map-js": "^1.0.2"
      }
    },
    "q": {
      "version": "1.5.1",
      "resolved": "https://registry.npmjs.org/q/-/q-1.5.1.tgz",
      "integrity": "sha512-kV/CThkXo6xyFEZUugw/+pIOywXcDbFYgSct5cT3gqlbkBE1SJdwy6UQoZvodiWF/ckQLZyDE/Bu1M6gVu5lVw=="
    },
    "qrcode-generator": {
      "version": "1.4.4",
      "resolved": "https://registry.npmjs.org/qrcode-generator/-/qrcode-generator-1.4.4.tgz",
      "integrity": "sha512-HM7yY8O2ilqhmULxGMpcHSF1EhJJ9yBj8gvDEuZ6M+KGJ0YY2hKpnXvRD+hZPLrDVck3ExIGhmPtSdcjC+guuw=="
    },
    "safer-buffer": {
      "version": "2.1.2",
      "resolved": "https://registry.npmjs.org/safer-buffer/-/safer-buffer-2.1.2.tgz",
      "integrity": "sha512-YZo3K82SD7Riyi0E1EQPojLz7kpepnSQI9IyPbHHg1XXXevb5dJI7tpyN2ADxGcQbHG7vcyRHk0cbwqcQriUtg=="
    },
    "sax": {
      "version": "1.2.4",
      "resolved": "https://registry.npmjs.org/sax/-/sax-1.2.4.tgz",
      "integrity": "sha512-NqVDv9TpANUjFm0N8uM5GxL36UgKi9/atZw+x7YFnQ8ckwFGKrl4xX4yWtrey3UJm5nP1kUbnYgLopqWNSRhWw=="
    },
    "shiki": {
      "version": "0.10.1",
      "resolved": "https://registry.npmjs.org/shiki/-/shiki-0.10.1.tgz",
      "integrity": "sha512-VsY7QJVzU51j5o1+DguUd+6vmCmZ5v/6gYu4vyYAhzjuNQU6P/vmSy4uQaOhvje031qQMiW0d2BwgMH52vqMng==",
      "requires": {
        "jsonc-parser": "^3.0.0",
        "vscode-oniguruma": "^1.6.1",
        "vscode-textmate": "5.2.0"
      }
    },
    "source-map": {
      "version": "0.6.1",
      "resolved": "https://registry.npmjs.org/source-map/-/source-map-0.6.1.tgz",
      "integrity": "sha512-UjgapumWlbMhkBgzT7Ykc5YXUT46F0iKu8SGXq0bcwP5dz/h0Plj6enJqjz1Zbq2l5WaqYnrVbwWOWMyF3F47g=="
    },
    "source-map-js": {
      "version": "1.0.2",
      "resolved": "https://registry.npmjs.org/source-map-js/-/source-map-js-1.0.2.tgz",
      "integrity": "sha512-R0XvVJ9WusLiqTCEiGCmICCMplcCkIwwR11mOSD9CR5u+IXYdiseeEuXCVAjS54zqwkLcPNnmU4OeJ6tUrWhDw=="
    },
    "spinal-core-connectorjs": {
      "version": "git+https://github.com/spinalcom/spinal-core-connectorjs.git#4b1432e4cccea2788f9f0da240b7bfb0079fa57e",
      "from": "git+https://github.com/spinalcom/spinal-core-connectorjs.git",
      "requires": {
        "xhr2": "^0.2.1"
      }
    },
    "spinal-core-connectorjs_type": {
      "version": "git+https://github.com/spinalcom/spinal-core-connectorjs_type.git#34757236b7f4b9fd465f92d813336bd9951ed0cc",
      "from": "git+https://github.com/spinalcom/spinal-core-connectorjs_type.git",
      "requires": {
        "spinal-core-connectorjs": "git+https://github.com/spinalcom/spinal-core-connectorjs.git"
      }
    },
    "spinal-env-viewer-bim-manager-service": {
      "version": "git+https://github.com/spinalcom/spinal-env-viewer-bim-manager-service.git#2011ce99e9f21814e151fed9454851db638c12d3",
      "from": "git+https://github.com/spinalcom/spinal-env-viewer-bim-manager-service.git"
    },
    "spinal-env-viewer-context-geographic-service": {
      "version": "git+https://github.com/spinalcom/spinal-env-viewer-context-geographic-service.git#31be8d351eb56e683e819d931259779fcb01afaa",
      "from": "git+https://github.com/spinalcom/spinal-env-viewer-context-geographic-service.git",
      "requires": {
        "spinal-env-viewer-graph-service": "git+https://github.com/spinalcom/Spinal-Graph-Service.git",
        "spinal-env-viewer-plugin-bimobjectservice": "git+https://github.com/spinalcom/spinal-env-viewer-plugin-bimobjectservice.git",
        "spinal-models-building-elements": "git+https://github.com/spinalcom/spinal-models-building-elements.git"
      }
    },
    "spinal-env-viewer-context-menu-service": {
      "version": "git+https://github.com/spinalcom/spinal-env-viewer-context-menu-service.git#d5d3707a2043b531ecc7c687dc7ab77ff30315a2",
      "from": "git+https://github.com/spinalcom/spinal-env-viewer-context-menu-service.git",
      "requires": {
        "lodash.debounce": "^4.0.8",
        "q": "^1.5.1"
      }
    },
    "spinal-env-viewer-graph-service": {
      "version": "git+https://github.com/spinalcom/Spinal-Graph-Service.git#858cd3c38e1860e995d5a772b825aea996648de8",
      "from": "git+https://github.com/spinalcom/Spinal-Graph-Service.git",
      "requires": {
        "q": "^1.5.1",
        "qrcode-generator": "^1.4.1",
        "spinal-core-connectorjs_type": "git+https://github.com/spinalcom/spinal-core-connectorjs_type.git",
        "spinal-model-graph": "git+https://github.com/spinalcom/spinal-model-graph.git"
      }
    },
    "spinal-env-viewer-panel-manager-service": {
      "version": "git+https://github.com/spinalcom/spinal-env-viewer-panel-manager-service.git#98d918a6a56d58c4fb03de457af40bc25eb2f8b9",
      "from": "git+https://github.com/spinalcom/spinal-env-viewer-panel-manager-service.git"
    },
    "spinal-env-viewer-panel-manager-service_spinalforgeextention": {
      "version": "git+https://github.com/spinalcom/spinal-env-viewer-panel-manager-service_spinalforgeextention.git#637dd751c03367108a482bff63166e24ae787832",
      "from": "git+https://github.com/spinalcom/spinal-env-viewer-panel-manager-service_spinalforgeextention.git",
      "requires": {
        "spinal-env-viewer-panel-manager-service": "git+https://github.com/spinalcom/spinal-env-viewer-panel-manager-service.git"
      }
    },
    "spinal-env-viewer-plugin-bimobjectservice": {
      "version": "git+https://github.com/spinalcom/spinal-env-viewer-plugin-bimobjectservice.git#4318628a1d3a795df6eaa2c920508e0c0ae6a23b",
      "from": "git+https://github.com/spinalcom/spinal-env-viewer-plugin-bimobjectservice.git",
      "requires": {
        "spinal-env-viewer-graph-service": "git+https://github.com/spinalcom/Spinal-Graph-Service.git",
        "spinal-models-bimobject": "git+https://github.com/spinalcom/spinal-models-bimobject.git",
        "vue": "^2.0.1"
      }
    },
    "spinal-env-viewer-plugin-device_profile": {
      "version": "git+https://github.com/spinalcom/spinal-env-viewer-plugin-device_profile.git#f940179fdbb4d3c9d2f22ae590f890892868aa0c",
      "from": "git+https://github.com/spinalcom/spinal-env-viewer-plugin-device_profile.git",
      "requires": {
        "spinal-env-viewer-context-menu-service": "git+https://github.com/spinalcom/spinal-env-viewer-context-menu-service.git",
        "spinal-env-viewer-graph-service": "git+https://github.com/spinalcom/Spinal-Graph-Service.git",
        "spinal-env-viewer-panel-manager-service": "git+https://github.com/spinalcom/spinal-env-viewer-panel-manager-service.git",
        "spinal-env-viewer-panel-manager-service_spinalforgeextention": "git+https://github.com/spinalcom/spinal-env-viewer-panel-manager-service_spinalforgeextention.git",
        "spinal-env-viewer-plugin-forge": "git+https://github.com/spinalcom/spinal-env-viewer-plugin-forge.git",
        "spinal-model-graph": "git+https://github.com/spinalcom/spinal-model-graph.git",
        "vue": "^2.0.1",
        "vuetify": "^1.5.16",
        "xml2js": "^0.4.23"
      }
    },
    "spinal-env-viewer-plugin-documentation-service": {
      "version": "git+https://github.com/spinalcom/spinal-env-viewer-plugin-documentation-service.git#f715dce0f7b21dca19d9037e6e3ba6d74bbe98ca",
      "from": "git+https://github.com/spinalcom/spinal-env-viewer-plugin-documentation-service.git",
      "requires": {
        "spinal-core-connectorjs_type": "git+https://github.com/spinalcom/spinal-core-connectorjs_type.git",
        "spinal-env-viewer-context-geographic-service": "git+https://github.com/spinalcom/spinal-env-viewer-context-geographic-service.git",
        "spinal-env-viewer-graph-service": "git+https://github.com/spinalcom/Spinal-Graph-Service.git",
        "spinal-env-viewer-plugin-group-manager-service": "git+https://github.com/spinalcom/spinal-env-viewer-plugin-group-manager-service.git",
        "spinal-models-documentation": "git+https://github.com/spinalcom/spinal-models-documentation.git",
        "typedoc": "^0.22.13"
      }
    },
    "spinal-env-viewer-plugin-event-emitter": {
      "version": "git+https://github.com/spinalcom/spinal-env-viewer-plugin-event-emitter.git#301c0a3b7a7d014e2f82c28c761ae362a2e2ccf0",
      "from": "git+https://github.com/spinalcom/spinal-env-viewer-plugin-event-emitter.git"
    },
    "spinal-env-viewer-plugin-forge": {
      "version": "git+https://github.com/spinalcom/spinal-env-viewer-plugin-forge.git#3a8621124b5094ed2ab25a013228e441de312df7",
      "from": "git+https://github.com/spinalcom/spinal-env-viewer-plugin-forge.git",
      "requires": {
        "spinal-env-viewer-graph-service": "git+https://github.com/spinalcom/Spinal-Graph-Service.git"
      }
    },
    "spinal-env-viewer-plugin-group-manager-service": {
      "version": "git+https://github.com/spinalcom/spinal-env-viewer-plugin-group-manager-service.git#68d440c2f4d0ed91ce3a19f70225ce214b966642",
      "from": "git+https://github.com/spinalcom/spinal-env-viewer-plugin-group-manager-service.git",
      "requires": {
        "spinal-core-connectorjs_type": "git+https://github.com/spinalcom/spinal-core-connectorjs_type.git",
        "spinal-env-viewer-context-geographic-service": "git+https://github.com/spinalcom/spinal-env-viewer-context-geographic-service.git",
        "spinal-env-viewer-graph-service": "git+https://github.com/spinalcom/Spinal-Graph-Service.git",
        "spinal-env-viewer-plugin-event-emitter": "git+https://github.com/spinalcom/spinal-env-viewer-plugin-event-emitter.git",
        "spinal-model-bmsnetwork": "git+https://github.com/spinalcom/spinal-model-bmsnetwork.git"
      }
    },
    "spinal-lib-forgefile": {
      "version": "git+https://github.com/spinalcom/spinal-lib-forgefile.git#855b6efae613655298c4d5668e8f91d5b294aab5",
      "from": "git+https://github.com/spinalcom/spinal-lib-forgefile.git",
      "requires": {
        "spinal-core-connectorjs_type": "git+https://github.com/spinalcom/spinal-core-connectorjs_type.git"
      }
    },
    "spinal-model-bmsnetwork": {
      "version": "git+https://github.com/spinalcom/spinal-model-bmsnetwork.git#eb89aeb5becab589fc39793bad46e3ffa900cbd4",
      "from": "git+https://github.com/spinalcom/spinal-model-bmsnetwork.git",
      "requires": {
        "lodash.throttle": "^4.1.1",
        "spinal-core-connectorjs_type": "git+https://github.com/spinalcom/spinal-core-connectorjs_type.git",
        "spinal-env-viewer-graph-service": "git+https://github.com/spinalcom/Spinal-Graph-Service.git",
        "spinal-env-viewer-plugin-documentation-service": "git+https://github.com/spinalcom/spinal-env-viewer-plugin-documentation-service.git",
        "spinal-lib-forgefile": "git+https://github.com/spinalcom/spinal-lib-forgefile.git",
        "spinal-model-timeseries": "git+https://github.com/spinalcom/spinal-model-timeseries.git"
      }
    },
    "spinal-model-graph": {
      "version": "git+https://github.com/spinalcom/spinal-model-graph.git#a86da34fd0aa06af66fe09daa48f2eabea361c98",
      "from": "git+https://github.com/spinalcom/spinal-model-graph.git",
      "requires": {
        "spinal-core-connectorjs": "git+https://github.com/spinalcom/spinal-core-connectorjs.git",
        "spinal-env-viewer-plugin-event-emitter": "git+https://github.com/spinalcom/spinal-env-viewer-plugin-event-emitter.git"
      }
    },
    "spinal-model-timeseries": {
      "version": "git+https://github.com/spinalcom/spinal-model-timeseries.git#acfc4ff9f8eb43ad28e5a1f875f23353da1513d2",
      "from": "git+https://github.com/spinalcom/spinal-model-timeseries.git",
      "requires": {
        "spinal-core-connectorjs_type": "git+https://github.com/spinalcom/spinal-core-connectorjs_type.git",
        "spinal-env-viewer-graph-service": "git+https://github.com/spinalcom/Spinal-Graph-Service.git",
        "spinal-env-viewer-plugin-documentation-service": "git+https://github.com/spinalcom/spinal-env-viewer-plugin-documentation-service.git"
      }
    },
    "spinal-models-bimobject": {
      "version": "git+https://github.com/spinalcom/spinal-models-bimobject.git#b9b9d4fd67cbe6acd514d21cf8e5c6aa919e1f4b",
      "from": "git+https://github.com/spinalcom/spinal-models-bimobject.git"
    },
    "spinal-models-building-elements": {
      "version": "git+https://github.com/spinalcom/spinal-models-building-elements.git#1d6edf18e07e8e6a66470dd203717a9437401bbb",
      "from": "git+https://github.com/spinalcom/spinal-models-building-elements.git",
      "requires": {
        "spinal-models-bimobject": "git+https://github.com/spinalcom/spinal-models-bimobject.git"
      }
    },
    "spinal-models-documentation": {
      "version": "git+https://github.com/spinalcom/spinal-models-documentation.git#6dc8924a4824cbe9a220207e229f4f2197b7eeb7",
      "from": "git+https://github.com/spinalcom/spinal-models-documentation.git",
      "requires": {
        "spinal-core-connectorjs": "git+https://github.com/spinalcom/spinal-core-connectorjs.git",
        "spinal-core-connectorjs_type": "git+https://github.com/spinalcom/spinal-core-connectorjs_type.git"
      }
    },
    "typedoc": {
      "version": "0.22.18",
      "resolved": "https://registry.npmjs.org/typedoc/-/typedoc-0.22.18.tgz",
      "integrity": "sha512-NK9RlLhRUGMvc6Rw5USEYgT4DVAUFk7IF7Q6MYfpJ88KnTZP7EneEa4RcP+tX1auAcz7QT1Iy0bUSZBYYHdoyA==",
      "requires": {
        "glob": "^8.0.3",
        "lunr": "^2.3.9",
        "marked": "^4.0.16",
        "minimatch": "^5.1.0",
        "shiki": "^0.10.1"
      }
    },
    "typescript": {
      "version": "4.7.4",
      "resolved": "https://registry.npmjs.org/typescript/-/typescript-4.7.4.tgz",
      "integrity": "sha512-C0WQT0gezHuw6AdY1M2jxUO83Rjf0HP7Sk1DtXj6j1EwkQNZrHAg2XPWlq62oqEhYvONq5pkC2Y9oPljWToLmQ==",
      "dev": true
    },
    "vscode-oniguruma": {
      "version": "1.6.2",
      "resolved": "https://registry.npmjs.org/vscode-oniguruma/-/vscode-oniguruma-1.6.2.tgz",
      "integrity": "sha512-KH8+KKov5eS/9WhofZR8M8dMHWN2gTxjMsG4jd04YhpbPR91fUj7rYQ2/XjeHCJWbg7X++ApRIU9NUwM2vTvLA=="
    },
    "vscode-textmate": {
      "version": "5.2.0",
      "resolved": "https://registry.npmjs.org/vscode-textmate/-/vscode-textmate-5.2.0.tgz",
      "integrity": "sha512-Uw5ooOQxRASHgu6C7GVvUxisKXfSgW4oFlO+aa+PAkgmH89O3CXxEEzNRNtHSqtXFTl0nAC1uYj0GMSH27uwtQ=="
    },
    "vue": {
      "version": "2.7.10",
      "resolved": "https://registry.npmjs.org/vue/-/vue-2.7.10.tgz",
      "integrity": "sha512-HmFC70qarSHPXcKtW8U8fgIkF6JGvjEmDiVInTkKZP0gIlEPhlVlcJJLkdGIDiNkIeA2zJPQTWJUI4iWe+AVfg==",
      "requires": {
        "@vue/compiler-sfc": "2.7.10",
        "csstype": "^3.1.0"
      }
    },
    "vuetify": {
      "version": "1.5.24",
      "resolved": "https://registry.npmjs.org/vuetify/-/vuetify-1.5.24.tgz",
      "integrity": "sha512-guFOgEgZ8VpSgNXOv1QL2fOliaJBoiyNnf+bBqcXsnIppJGRlW1wyT6Ux7ZlQyphSHs+UK1aJNUjcyAtoOiHWg=="
    },
    "wrappy": {
      "version": "1.0.2",
      "resolved": "https://registry.npmjs.org/wrappy/-/wrappy-1.0.2.tgz",
      "integrity": "sha512-l4Sp/DRseor9wL6EvV2+TuQn63dMkPjZ/sp9XkghTEbV9KlPS1xUsZ3u7/IQO4wxtcFB4bgpQPRcR3QCvezPcQ=="
    },
    "xhr2": {
      "version": "0.2.1",
      "resolved": "https://registry.npmjs.org/xhr2/-/xhr2-0.2.1.tgz",
      "integrity": "sha512-sID0rrVCqkVNUn8t6xuv9+6FViXjUVXq8H5rWOH2rz9fDNQEd4g0EA2XlcEdJXRz5BMEn4O1pJFdT+z4YHhoWw=="
    },
    "xml2js": {
      "version": "0.4.23",
      "resolved": "https://registry.npmjs.org/xml2js/-/xml2js-0.4.23.tgz",
      "integrity": "sha512-ySPiMjM0+pLDftHgXY4By0uswI3SPKLDw/i3UXbnO8M/p28zqexCUoPmQFrYD+/1BzhGJSs2i1ERWKJAtiLrug==",
      "requires": {
        "sax": ">=0.6.0",
        "xmlbuilder": "~11.0.0"
      }
    },
    "xmlbuilder": {
      "version": "11.0.1",
      "resolved": "https://registry.npmjs.org/xmlbuilder/-/xmlbuilder-11.0.1.tgz",
      "integrity": "sha512-fDlsI/kFEx7gLvbecc0/ohLG50fugQp8ryHzMTuW9vSa1GJ0XYWKnhsUx7oie3G98+r56aTQIUB4kht42R3JvA=="
    }
  }
}
